// !$*UTF8*$!
{
	archiveVersion = 1;
	classes = {
	};
	objectVersion = 50;
	objects = {

/* Begin PBXBuildFile section */
		DA7552D825D7F3E200BCF757 /* DayView.swift in Sources */ = {isa = PBXBuildFile; fileRef = DA7552D725D7F3E200BCF757 /* DayView.swift */; };
		DA7552DC25D7F57200BCF757 /* MorningGradient.swift in Sources */ = {isa = PBXBuildFile; fileRef = DA7552DB25D7F57200BCF757 /* MorningGradient.swift */; };
		DA7552DF25D7F5E700BCF757 /* EveningGradient.swift in Sources */ = {isa = PBXBuildFile; fileRef = DA7552DE25D7F5E700BCF757 /* EveningGradient.swift */; };
		DA9393B525D841DA004AEA02 /* Color+Helpers.swift in Sources */ = {isa = PBXBuildFile; fileRef = DA9393B425D841DA004AEA02 /* Color+Helpers.swift */; };
		DA9393B825D841FE004AEA02 /* TextStyle.swift in Sources */ = {isa = PBXBuildFile; fileRef = DA9393B725D841FE004AEA02 /* TextStyle.swift */; };
		DA9393BB25D8422A004AEA02 /* Text+Helpers.swift in Sources */ = {isa = PBXBuildFile; fileRef = DA9393BA25D8422A004AEA02 /* Text+Helpers.swift */; };
		DAC0041125D6C6530084ADB6 /* Lines.swift in Sources */ = {isa = PBXBuildFile; fileRef = DAC0041025D6C6530084ADB6 /* Lines.swift */; };
		DAFE27AA25D5A84B002F856C /* DayBridgeApp.swift in Sources */ = {isa = PBXBuildFile; fileRef = DAFE27A925D5A84B002F856C /* DayBridgeApp.swift */; };
		DAFE27AC25D5A84B002F856C /* ContentView.swift in Sources */ = {isa = PBXBuildFile; fileRef = DAFE27AB25D5A84B002F856C /* ContentView.swift */; };
		DAFE27AE25D5A84C002F856C /* Assets.xcassets in Resources */ = {isa = PBXBuildFile; fileRef = DAFE27AD25D5A84C002F856C /* Assets.xcassets */; };
/* End PBXBuildFile section */

/* Begin PBXFileReference section */
		DA7552D725D7F3E200BCF757 /* DayView.swift */ = {isa = PBXFileReference; lastKnownFileType = sourcecode.swift; path = DayView.swift; sourceTree = "<group>"; };
		DA7552DB25D7F57200BCF757 /* MorningGradient.swift */ = {isa = PBXFileReference; lastKnownFileType = sourcecode.swift; path = MorningGradient.swift; sourceTree = "<group>"; };
		DA7552DE25D7F5E700BCF757 /* EveningGradient.swift */ = {isa = PBXFileReference; lastKnownFileType = sourcecode.swift; path = EveningGradient.swift; sourceTree = "<group>"; };
		DA9393B425D841DA004AEA02 /* Color+Helpers.swift */ = {isa = PBXFileReference; lastKnownFileType = sourcecode.swift; path = "Color+Helpers.swift"; sourceTree = "<group>"; };
		DA9393B725D841FE004AEA02 /* TextStyle.swift */ = {isa = PBXFileReference; lastKnownFileType = sourcecode.swift; path = TextStyle.swift; sourceTree = "<group>"; };
		DA9393BA25D8422A004AEA02 /* Text+Helpers.swift */ = {isa = PBXFileReference; lastKnownFileType = sourcecode.swift; path = "Text+Helpers.swift"; sourceTree = "<group>"; };
		DAC0041025D6C6530084ADB6 /* Lines.swift */ = {isa = PBXFileReference; lastKnownFileType = sourcecode.swift; path = Lines.swift; sourceTree = "<group>"; };
		DAFE27A625D5A84B002F856C /* DayBridge.app */ = {isa = PBXFileReference; explicitFileType = wrapper.application; includeInIndex = 0; path = DayBridge.app; sourceTree = BUILT_PRODUCTS_DIR; };
		DAFE27A925D5A84B002F856C /* DayBridgeApp.swift */ = {isa = PBXFileReference; lastKnownFileType = sourcecode.swift; path = DayBridgeApp.swift; sourceTree = "<group>"; };
		DAFE27AB25D5A84B002F856C /* ContentView.swift */ = {isa = PBXFileReference; lastKnownFileType = sourcecode.swift; path = ContentView.swift; sourceTree = "<group>"; };
		DAFE27AD25D5A84C002F856C /* Assets.xcassets */ = {isa = PBXFileReference; lastKnownFileType = folder.assetcatalog; path = Assets.xcassets; sourceTree = "<group>"; };
		DAFE27B225D5A84C002F856C /* Info.plist */ = {isa = PBXFileReference; lastKnownFileType = text.plist.xml; path = Info.plist; sourceTree = "<group>"; };
/* End PBXFileReference section */

/* Begin PBXFrameworksBuildPhase section */
		DAFE27A325D5A84B002F856C /* Frameworks */ = {
			isa = PBXFrameworksBuildPhase;
			buildActionMask = 2147483647;
			files = (
			);
			runOnlyForDeploymentPostprocessing = 0;
		};
/* End PBXFrameworksBuildPhase section */

/* Begin PBXGroup section */
		DA4DA7F425D7F1E2007BDE02 /* Data */ = {
			isa = PBXGroup;
			children = (
			);
			path = Data;
			sourceTree = "<group>";
		};
		DA7552CF25D7F32300BCF757 /* Shared */ = {
			isa = PBXGroup;
			children = (
				DAC0041025D6C6530084ADB6 /* Lines.swift */,
				DA9393B725D841FE004AEA02 /* TextStyle.swift */,
			);
			path = Shared;
			sourceTree = "<group>";
		};
		DA7552D125D7F35A00BCF757 /* Core */ = {
			isa = PBXGroup;
			children = (
				DAFE27B225D5A84C002F856C /* Info.plist */,
			);
			path = Core;
			sourceTree = "<group>";
		};
		DA9393BE25D84C4E004AEA02 /* Extensions */ = {
			isa = PBXGroup;
			children = (
				DA9393B425D841DA004AEA02 /* Color+Helpers.swift */,
				DA9393BA25D8422A004AEA02 /* Text+Helpers.swift */,
			);
			path = Extensions;
			sourceTree = "<group>";
		};
		DA9393BF25D84C66004AEA02 /* Activities */ = {
			isa = PBXGroup;
			children = (
				DA9393C025D84C72004AEA02 /* Day */,
			);
			path = Activities;
			sourceTree = "<group>";
		};
		DA9393C025D84C72004AEA02 /* Day */ = {
			isa = PBXGroup;
			children = (
				DA7552D725D7F3E200BCF757 /* DayView.swift */,
				DA7552DB25D7F57200BCF757 /* MorningGradient.swift */,
				DA7552DE25D7F5E700BCF757 /* EveningGradient.swift */,
			);
			path = Day;
			sourceTree = "<group>";
		};
		DAFE279D25D5A84B002F856C = {
			isa = PBXGroup;
			children = (
				DAFE27A825D5A84B002F856C /* DayBridge */,
				DAFE27A725D5A84B002F856C /* Products */,
			);
			sourceTree = "<group>";
		};
		DAFE27A725D5A84B002F856C /* Products */ = {
			isa = PBXGroup;
			children = (
				DAFE27A625D5A84B002F856C /* DayBridge.app */,
			);
			name = Products;
			sourceTree = "<group>";
		};
		DAFE27A825D5A84B002F856C /* DayBridge */ = {
			isa = PBXGroup;
			children = (
				DA7552D125D7F35A00BCF757 /* Core */,
				DA9393BF25D84C66004AEA02 /* Activities */,
				DA7552CF25D7F32300BCF757 /* Shared */,
				DA9393BE25D84C4E004AEA02 /* Extensions */,
				DA4DA7F425D7F1E2007BDE02 /* Data */,
				DAFE27A925D5A84B002F856C /* DayBridgeApp.swift */,
				DAFE27AB25D5A84B002F856C /* ContentView.swift */,
				DAFE27AD25D5A84C002F856C /* Assets.xcassets */,
			);
			path = DayBridge;
			sourceTree = "<group>";
		};
/* End PBXGroup section */

/* Begin PBXNativeTarget section */
		DAFE27A525D5A84B002F856C /* DayBridge */ = {
			isa = PBXNativeTarget;
			buildConfigurationList = DAFE27B525D5A84C002F856C /* Build configuration list for PBXNativeTarget "DayBridge" */;
			buildPhases = (
				DAFE27A225D5A84B002F856C /* Sources */,
				DAFE27A325D5A84B002F856C /* Frameworks */,
				DAFE27A425D5A84B002F856C /* Resources */,
			);
			buildRules = (
			);
			dependencies = (
			);
			name = DayBridge;
			productName = DayBridge;
			productReference = DAFE27A625D5A84B002F856C /* DayBridge.app */;
			productType = "com.apple.product-type.application";
		};
/* End PBXNativeTarget section */

/* Begin PBXProject section */
		DAFE279E25D5A84B002F856C /* Project object */ = {
			isa = PBXProject;
			attributes = {
				LastSwiftUpdateCheck = 1240;
				LastUpgradeCheck = 1240;
				TargetAttributes = {
					DAFE27A525D5A84B002F856C = {
						CreatedOnToolsVersion = 12.4;
					};
				};
			};
			buildConfigurationList = DAFE27A125D5A84B002F856C /* Build configuration list for PBXProject "DayBridge" */;
			compatibilityVersion = "Xcode 9.3";
			developmentRegion = en;
			hasScannedForEncodings = 0;
			knownRegions = (
				en,
				Base,
			);
			mainGroup = DAFE279D25D5A84B002F856C;
			productRefGroup = DAFE27A725D5A84B002F856C /* Products */;
			projectDirPath = "";
			projectRoot = "";
			targets = (
				DAFE27A525D5A84B002F856C /* DayBridge */,
			);
		};
/* End PBXProject section */

/* Begin PBXResourcesBuildPhase section */
		DAFE27A425D5A84B002F856C /* Resources */ = {
			isa = PBXResourcesBuildPhase;
			buildActionMask = 2147483647;
			files = (
				DAFE27AE25D5A84C002F856C /* Assets.xcassets in Resources */,
			);
			runOnlyForDeploymentPostprocessing = 0;
		};
/* End PBXResourcesBuildPhase section */

/* Begin PBXSourcesBuildPhase section */
		DAFE27A225D5A84B002F856C /* Sources */ = {
			isa = PBXSourcesBuildPhase;
			buildActionMask = 2147483647;
			files = (
				DA9393B825D841FE004AEA02 /* TextStyle.swift in Sources */,
				DA7552DF25D7F5E700BCF757 /* EveningGradient.swift in Sources */,
				DA7552DC25D7F57200BCF757 /* MorningGradient.swift in Sources */,
				DAFE27AC25D5A84B002F856C /* ContentView.swift in Sources */,
				DA9393B525D841DA004AEA02 /* Color+Helpers.swift in Sources */,
				DA7552D825D7F3E200BCF757 /* DayView.swift in Sources */,
				DAC0041125D6C6530084ADB6 /* Lines.swift in Sources */,
				DA9393BB25D8422A004AEA02 /* Text+Helpers.swift in Sources */,
				DAFE27AA25D5A84B002F856C /* DayBridgeApp.swift in Sources */,
			);
			runOnlyForDeploymentPostprocessing = 0;
		};
/* End PBXSourcesBuildPhase section */

/* Begin XCBuildConfiguration section */
		DAFE27B325D5A84C002F856C /* Debug */ = {
			isa = XCBuildConfiguration;
			buildSettings = {
				ALWAYS_SEARCH_USER_PATHS = NO;
				CLANG_ANALYZER_NONNULL = YES;
				CLANG_ANALYZER_NUMBER_OBJECT_CONVERSION = YES_AGGRESSIVE;
				CLANG_CXX_LANGUAGE_STANDARD = "gnu++14";
				CLANG_CXX_LIBRARY = "libc++";
				CLANG_ENABLE_MODULES = YES;
				CLANG_ENABLE_OBJC_ARC = YES;
				CLANG_ENABLE_OBJC_WEAK = YES;
				CLANG_WARN_BLOCK_CAPTURE_AUTORELEASING = YES;
				CLANG_WARN_BOOL_CONVERSION = YES;
				CLANG_WARN_COMMA = YES;
				CLANG_WARN_CONSTANT_CONVERSION = YES;
				CLANG_WARN_DEPRECATED_OBJC_IMPLEMENTATIONS = YES;
				CLANG_WARN_DIRECT_OBJC_ISA_USAGE = YES_ERROR;
				CLANG_WARN_DOCUMENTATION_COMMENTS = YES;
				CLANG_WARN_EMPTY_BODY = YES;
				CLANG_WARN_ENUM_CONVERSION = YES;
				CLANG_WARN_INFINITE_RECURSION = YES;
				CLANG_WARN_INT_CONVERSION = YES;
				CLANG_WARN_NON_LITERAL_NULL_CONVERSION = YES;
				CLANG_WARN_OBJC_IMPLICIT_RETAIN_SELF = YES;
				CLANG_WARN_OBJC_LITERAL_CONVERSION = YES;
				CLANG_WARN_OBJC_ROOT_CLASS = YES_ERROR;
				CLANG_WARN_QUOTED_INCLUDE_IN_FRAMEWORK_HEADER = YES;
				CLANG_WARN_RANGE_LOOP_ANALYSIS = YES;
				CLANG_WARN_STRICT_PROTOTYPES = YES;
				CLANG_WARN_SUSPICIOUS_MOVE = YES;
				CLANG_WARN_UNGUARDED_AVAILABILITY = YES_AGGRESSIVE;
				CLANG_WARN_UNREACHABLE_CODE = YES;
				CLANG_WARN__DUPLICATE_METHOD_MATCH = YES;
				COPY_PHASE_STRIP = NO;
				DEBUG_INFORMATION_FORMAT = dwarf;
				ENABLE_STRICT_OBJC_MSGSEND = YES;
				ENABLE_TESTABILITY = YES;
				GCC_C_LANGUAGE_STANDARD = gnu11;
				GCC_DYNAMIC_NO_PIC = NO;
				GCC_NO_COMMON_BLOCKS = YES;
				GCC_OPTIMIZATION_LEVEL = 0;
				GCC_PREPROCESSOR_DEFINITIONS = (
					"DEBUG=1",
					"$(inherited)",
				);
				GCC_WARN_64_TO_32_BIT_CONVERSION = YES;
				GCC_WARN_ABOUT_RETURN_TYPE = YES_ERROR;
				GCC_WARN_UNDECLARED_SELECTOR = YES;
				GCC_WARN_UNINITIALIZED_AUTOS = YES_AGGRESSIVE;
				GCC_WARN_UNUSED_FUNCTION = YES;
				GCC_WARN_UNUSED_VARIABLE = YES;
				IPHONEOS_DEPLOYMENT_TARGET = 14.4;
				MTL_ENABLE_DEBUG_INFO = INCLUDE_SOURCE;
				MTL_FAST_MATH = YES;
				ONLY_ACTIVE_ARCH = YES;
				SDKROOT = iphoneos;
				SWIFT_ACTIVE_COMPILATION_CONDITIONS = DEBUG;
				SWIFT_OPTIMIZATION_LEVEL = "-Onone";
			};
			name = Debug;
		};
		DAFE27B425D5A84C002F856C /* Release */ = {
			isa = XCBuildConfiguration;
			buildSettings = {
				ALWAYS_SEARCH_USER_PATHS = NO;
				CLANG_ANALYZER_NONNULL = YES;
				CLANG_ANALYZER_NUMBER_OBJECT_CONVERSION = YES_AGGRESSIVE;
				CLANG_CXX_LANGUAGE_STANDARD = "gnu++14";
				CLANG_CXX_LIBRARY = "libc++";
				CLANG_ENABLE_MODULES = YES;
				CLANG_ENABLE_OBJC_ARC = YES;
				CLANG_ENABLE_OBJC_WEAK = YES;
				CLANG_WARN_BLOCK_CAPTURE_AUTORELEASING = YES;
				CLANG_WARN_BOOL_CONVERSION = YES;
				CLANG_WARN_COMMA = YES;
				CLANG_WARN_CONSTANT_CONVERSION = YES;
				CLANG_WARN_DEPRECATED_OBJC_IMPLEMENTATIONS = YES;
				CLANG_WARN_DIRECT_OBJC_ISA_USAGE = YES_ERROR;
				CLANG_WARN_DOCUMENTATION_COMMENTS = YES;
				CLANG_WARN_EMPTY_BODY = YES;
				CLANG_WARN_ENUM_CONVERSION = YES;
				CLANG_WARN_INFINITE_RECURSION = YES;
				CLANG_WARN_INT_CONVERSION = YES;
				CLANG_WARN_NON_LITERAL_NULL_CONVERSION = YES;
				CLANG_WARN_OBJC_IMPLICIT_RETAIN_SELF = YES;
				CLANG_WARN_OBJC_LITERAL_CONVERSION = YES;
				CLANG_WARN_OBJC_ROOT_CLASS = YES_ERROR;
				CLANG_WARN_QUOTED_INCLUDE_IN_FRAMEWORK_HEADER = YES;
				CLANG_WARN_RANGE_LOOP_ANALYSIS = YES;
				CLANG_WARN_STRICT_PROTOTYPES = YES;
				CLANG_WARN_SUSPICIOUS_MOVE = YES;
				CLANG_WARN_UNGUARDED_AVAILABILITY = YES_AGGRESSIVE;
				CLANG_WARN_UNREACHABLE_CODE = YES;
				CLANG_WARN__DUPLICATE_METHOD_MATCH = YES;
				COPY_PHASE_STRIP = NO;
				DEBUG_INFORMATION_FORMAT = "dwarf-with-dsym";
				ENABLE_NS_ASSERTIONS = NO;
				ENABLE_STRICT_OBJC_MSGSEND = YES;
				GCC_C_LANGUAGE_STANDARD = gnu11;
				GCC_NO_COMMON_BLOCKS = YES;
				GCC_WARN_64_TO_32_BIT_CONVERSION = YES;
				GCC_WARN_ABOUT_RETURN_TYPE = YES_ERROR;
				GCC_WARN_UNDECLARED_SELECTOR = YES;
				GCC_WARN_UNINITIALIZED_AUTOS = YES_AGGRESSIVE;
				GCC_WARN_UNUSED_FUNCTION = YES;
				GCC_WARN_UNUSED_VARIABLE = YES;
				IPHONEOS_DEPLOYMENT_TARGET = 14.4;
				MTL_ENABLE_DEBUG_INFO = NO;
				MTL_FAST_MATH = YES;
				SDKROOT = iphoneos;
				SWIFT_COMPILATION_MODE = wholemodule;
				SWIFT_OPTIMIZATION_LEVEL = "-O";
				VALIDATE_PRODUCT = YES;
			};
			name = Release;
		};
		DAFE27B625D5A84C002F856C /* Debug */ = {
			isa = XCBuildConfiguration;
			buildSettings = {
				ASSETCATALOG_COMPILER_APPICON_NAME = AppIcon;
				ASSETCATALOG_COMPILER_GLOBAL_ACCENT_COLOR_NAME = AccentColor;
				CODE_SIGN_STYLE = Automatic;
				DEVELOPMENT_ASSET_PATHS = "";
				DEVELOPMENT_TEAM = 7F42FDQ9R9;
				ENABLE_PREVIEWS = YES;
				INFOPLIST_FILE = DayBridge/Core/Info.plist;
				IPHONEOS_DEPLOYMENT_TARGET = 14.0;
				LD_RUNPATH_SEARCH_PATHS = (
					"$(inherited)",
					"@executable_path/Frameworks",
				);
				PRODUCT_BUNDLE_IDENTIFIER = uk.jaaco.DayBridge;
				PRODUCT_NAME = "$(TARGET_NAME)";
				SWIFT_VERSION = 5.0;
				TARGETED_DEVICE_FAMILY = "1,2";
			};
			name = Debug;
		};
		DAFE27B725D5A84C002F856C /* Release */ = {
			isa = XCBuildConfiguration;
			buildSettings = {
				ASSETCATALOG_COMPILER_APPICON_NAME = AppIcon;
				ASSETCATALOG_COMPILER_GLOBAL_ACCENT_COLOR_NAME = AccentColor;
				CODE_SIGN_STYLE = Automatic;
				DEVELOPMENT_ASSET_PATHS = "";
				DEVELOPMENT_TEAM = 7F42FDQ9R9;
				ENABLE_PREVIEWS = YES;
				INFOPLIST_FILE = DayBridge/Core/Info.plist;
				IPHONEOS_DEPLOYMENT_TARGET = 14.0;
				LD_RUNPATH_SEARCH_PATHS = (
					"$(inherited)",
					"@executable_path/Frameworks",
				);
				PRODUCT_BUNDLE_IDENTIFIER = uk.jaaco.DayBridge;
				PRODUCT_NAME = "$(TARGET_NAME)";
				SWIFT_VERSION = 5.0;
				TARGETED_DEVICE_FAMILY = "1,2";
			};
			name = Release;
		};
/* End XCBuildConfiguration section */

/* Begin XCConfigurationList section */
		DAFE27A125D5A84B002F856C /* Build configuration list for PBXProject "DayBridge" */ = {
			isa = XCConfigurationList;
			buildConfigurations = (
				DAFE27B325D5A84C002F856C /* Debug */,
				DAFE27B425D5A84C002F856C /* Release */,
			);
			defaultConfigurationIsVisible = 0;
			defaultConfigurationName = Release;
		};
		DAFE27B525D5A84C002F856C /* Build configuration list for PBXNativeTarget "DayBridge" */ = {
			isa = XCConfigurationList;
			buildConfigurations = (
				DAFE27B625D5A84C002F856C /* Debug */,
				DAFE27B725D5A84C002F856C /* Release */,
			);
			defaultConfigurationIsVisible = 0;
			defaultConfigurationName = Release;
		};
/* End XCConfigurationList section */
	};
	rootObject = DAFE279E25D5A84B002F856C /* Project object */;
}
